Microsoft Visual Studio Solution File, Format Version 12.00
# Visual Studio 14
VisualStudioVersion = 14.0.25420.1
MinimumVisualStudioVersion = 10.0.40219.1
Project("{8BC9CEB8-8B4A-11D0-8D11-00A0C91BC942}") = "image", "image.vcxproj", "{66E3CE14-884D-4AEA-9F20-15A0BEAF8C5A}"
EndProject
Project("{8BC9CEB8-8B4A-11D0-8D11-00A0C91BC942}") = "harfbuzz", "harfbuzz.vcxproj", "{B2BCDAB8-B595-4C22-B01D-777588652204}"
EndProject
Project("{8BC9CEB8-8B4A-11D0-8D11-00A0C91BC942}") = "base64", "base64.vcxproj", "{84C22CA2-9D1E-4B6D-A657-57E8264BCC40}"
EndProject
Project("{8BC9CEB8-8B4A-11D0-8D11-00A0C91BC942}") = "chronos", "chronos.vcxproj", "{D75AD32B-6B82-49DF-96EB-26F0F896C6F2}"
EndProject
Project("{8BC9CEB8-8B4A-11D0-8D11-00A0C91BC942}") = "freetype", "freetype.vcxproj", "{F4553D82-2F8F-44BB-81F6-0A4A05A273B2}"
EndProject
Project("{8BC9CEB8-8B4A-11D0-8D11-00A0C91BC942}") = "vararg", "vararg.vcxproj", "{1E006EBB-3C9B-42CD-BD2C-1D7073DDFE8A}"
EndProject
Project("{8BC9CEB8-8B4A-11D0-8D11-00A0C91BC942}") = "svg", "svg.vcxproj", "{4BBCF330-6BA5-4EF2-82C6-CC1A08189BAC}"
EndProject
Project("{8BC9CEB8-8B4A-11D0-8D11-00A0C91BC942}") = "cpp", "cpp.vcxproj", "{80CC31BF-EE7B-4F10-B7C8-980651A6F158}"
EndProject
Project("{8BC9CEB8-8B4A-11D0-8D11-00A0C91BC942}") = "png", "png.vcxproj", "{A336CDD1-DD9D-49FE-BB0C-9068F398DA5C}"
EndProject
Project("{2150E333-8FDC-42A3-9474-1A3956D46DE8}") = "base", "base", "{0AD50E41-A219-4006-941B-CF9BA5EFF6FE}"
EndProject
Project("{2150E333-8FDC-42A3-9474-1A3956D46DE8}") = "driver", "driver", "{25C3C005-546A-4864-90C4-19057F80B388}"
EndProject
Global
	GlobalSection(SolutionConfigurationPlatforms) = preSolution
		Debug|Win32 = Debug|Win32
		Debug|x64 = Debug|x64
		Release|Win32 = Release|Win32
		Release|x64 = Release|x64
	EndGlobalSection
	GlobalSection(ProjectConfigurationPlatforms) = postSolution
		{66E3CE14-884D-4AEA-9F20-15A0BEAF8C5A}.Debug|Win32.ActiveCfg = Debug|Win32
		{66E3CE14-884D-4AEA-9F20-15A0BEAF8C5A}.Debug|Win32.Build.0 = Debug|Win32
		{66E3CE14-884D-4AEA-9F20-15A0BEAF8C5A}.Debug|x64.ActiveCfg = Debug|x64
		{66E3CE14-884D-4AEA-9F20-15A0BEAF8C5A}.Debug|x64.Build.0 = Debug|x64
		{66E3CE14-884D-4AEA-9F20-15A0BEAF8C5A}.Release|Win32.ActiveCfg = Release|Win32
		{66E3CE14-884D-4AEA-9F20-15A0BEAF8C5A}.Release|Win32.Build.0 = Release|Win32
		{66E3CE14-884D-4AEA-9F20-15A0BEAF8C5A}.Release|x64.ActiveCfg = Release|x64
		{66E3CE14-884D-4AEA-9F20-15A0BEAF8C5A}.Release|x64.Build.0 = Release|x64
		{B2BCDAB8-B595-4C22-B01D-777588652204}.Debug|Win32.ActiveCfg = Debug|Win32
		{B2BCDAB8-B595-4C22-B01D-777588652204}.Debug|Win32.Build.0 = Debug|Win32
		{B2BCDAB8-B595-4C22-B01D-777588652204}.Debug|x64.ActiveCfg = Debug|x64
		{B2BCDAB8-B595-4C22-B01D-777588652204}.Debug|x64.Build.0 = Debug|x64
		{B2BCDAB8-B595-4C22-B01D-777588652204}.Release|Win32.ActiveCfg = Release|Win32
		{B2BCDAB8-B595-4C22-B01D-777588652204}.Release|Win32.Build.0 = Release|Win32
		{B2BCDAB8-B595-4C22-B01D-777588652204}.Release|x64.ActiveCfg = Release|x64
		{B2BCDAB8-B595-4C22-B01D-777588652204}.Release|x64.Build.0 = Release|x64
		{84C22CA2-9D1E-4B6D-A657-57E8264BCC40}.Debug|Win32.ActiveCfg = Debug|Win32
		{84C22CA2-9D1E-4B6D-A657-57E8264BCC40}.Debug|Win32.Build.0 = Debug|Win32
		{84C22CA2-9D1E-4B6D-A657-57E8264BCC40}.Debug|x64.ActiveCfg = Debug|x64
		{84C22CA2-9D1E-4B6D-A657-57E8264BCC40}.Debug|x64.Build.0 = Debug|x64
		{84C22CA2-9D1E-4B6D-A657-57E8264BCC40}.Release|Win32.ActiveCfg = Release|Win32
		{84C22CA2-9D1E-4B6D-A657-57E8264BCC40}.Release|Win32.Build.0 = Release|Win32
		{84C22CA2-9D1E-4B6D-A657-57E8264BCC40}.Release|x64.ActiveCfg = Release|x64
		{84C22CA2-9D1E-4B6D-A657-57E8264BCC40}.Release|x64.Build.0 = Release|x64
		{D75AD32B-6B82-49DF-96EB-26F0F896C6F2}.Debug|Win32.ActiveCfg = Debug|Win32
		{D75AD32B-6B82-49DF-96EB-26F0F896C6F2}.Debug|Win32.Build.0 = Debug|Win32
		{D75AD32B-6B82-49DF-96EB-26F0F896C6F2}.Debug|x64.ActiveCfg = Debug|x64
		{D75AD32B-6B82-49DF-96EB-26F0F896C6F2}.Debug|x64.Build.0 = Debug|x64
		{D75AD32B-6B82-49DF-96EB-26F0F896C6F2}.Release|Win32.ActiveCfg = Release|Win32
		{D75AD32B-6B82-49DF-96EB-26F0F896C6F2}.Release|Win32.Build.0 = Release|Win32
		{D75AD32B-6B82-49DF-96EB-26F0F896C6F2}.Release|x64.ActiveCfg = Release|x64
		{D75AD32B-6B82-49DF-96EB-26F0F896C6F2}.Release|x64.Build.0 = Release|x64
		{F4553D82-2F8F-44BB-81F6-0A4A05A273B2}.Debug|Win32.ActiveCfg = Debug|Win32
		{F4553D82-2F8F-44BB-81F6-0A4A05A273B2}.Debug|Win32.Build.0 = Debug|Win32
		{F4553D82-2F8F-44BB-81F6-0A4A05A273B2}.Debug|x64.ActiveCfg = Debug|x64
		{F4553D82-2F8F-44BB-81F6-0A4A05A273B2}.Debug|x64.Build.0 = Debug|x64
		{F4553D82-2F8F-44BB-81F6-0A4A05A273B2}.Release|Win32.ActiveCfg = Release|Win32
		{F4553D82-2F8F-44BB-81F6-0A4A05A273B2}.Release|Win32.Build.0 = Release|Win32
		{F4553D82-2F8F-44BB-81F6-0A4A05A273B2}.Release|x64.ActiveCfg = Release|x64
		{F4553D82-2F8F-44BB-81F6-0A4A05A273B2}.Release|x64.Build.0 = Release|x64
		{1E006EBB-3C9B-42CD-BD2C-1D7073DDFE8A}.Debug|Win32.ActiveCfg = Debug|Win32
		{1E006EBB-3C9B-42CD-BD2C-1D7073DDFE8A}.Debug|Win32.Build.0 = Debug|Win32
		{1E006EBB-3C9B-42CD-BD2C-1D7073DDFE8A}.Debug|x64.ActiveCfg = Debug|x64
		{1E006EBB-3C9B-42CD-BD2C-1D7073DDFE8A}.Debug|x64.Build.0 = Debug|x64
		{1E006EBB-3C9B-42CD-BD2C-1D7073DDFE8A}.Release|Win32.ActiveCfg = Release|Win32
		{1E006EBB-3C9B-42CD-BD2C-1D7073DDFE8A}.Release|Win32.Build.0 = Release|Win32
		{1E006EBB-3C9B-42CD-BD2C-1D7073DDFE8A}.Release|x64.ActiveCfg = Release|x64
		{1E006EBB-3C9B-42CD-BD2C-1D7073DDFE8A}.Release|x64.Build.0 = Release|x64
		{4BBCF330-6BA5-4EF2-82C6-CC1A08189BAC}.Debug|Win32.ActiveCfg = Debug|Win32
		{4BBCF330-6BA5-4EF2-82C6-CC1A08189BAC}.Debug|Win32.Build.0 = Debug|Win32
		{4BBCF330-6BA5-4EF2-82C6-CC1A08189BAC}.Debug|x64.ActiveCfg = Debug|x64
		{4BBCF330-6BA5-4EF2-82C6-CC1A08189BAC}.Debug|x64.Build.0 = Debug|x64
		{4BBCF330-6BA5-4EF2-82C6-CC1A08189BAC}.Release|Win32.ActiveCfg = Release|Win32
		{4BBCF330-6BA5-4EF2-82C6-CC1A08189BAC}.Release|Win32.Build.0 = Release|Win32
		{4BBCF330-6BA5-4EF2-82C6-CC1A08189BAC}.Release|x64.ActiveCfg = Release|x64
		{4BBCF330-6BA5-4EF2-82C6-CC1A08189BAC}.Release|x64.Build.0 = Release|x64
		{80CC31BF-EE7B-4F10-B7C8-980651A6F158}.Debug|Win32.ActiveCfg = Debug|Win32
		{80CC31BF-EE7B-4F10-B7C8-980651A6F158}.Debug|Win32.Build.0 = Debug|Win32
		{80CC31BF-EE7B-4F10-B7C8-980651A6F158}.Debug|x64.ActiveCfg = Debug|x64
		{80CC31BF-EE7B-4F10-B7C8-980651A6F158}.Debug|x64.Build.0 = Debug|x64
		{80CC31BF-EE7B-4F10-B7C8-980651A6F158}.Release|Win32.ActiveCfg = Release|Win32
		{80CC31BF-EE7B-4F10-B7C8-980651A6F158}.Release|Win32.Build.0 = Release|Win32
		{80CC31BF-EE7B-4F10-B7C8-980651A6F158}.Release|x64.ActiveCfg = Release|x64
		{80CC31BF-EE7B-4F10-B7C8-980651A6F158}.Release|x64.Build.0 = Release|x64
		{A336CDD1-DD9D-49FE-BB0C-9068F398DA5C}.Debug|Win32.ActiveCfg = Debug|Win32
		{A336CDD1-DD9D-49FE-BB0C-9068F398DA5C}.Debug|Win32.Build.0 = Debug|Win32
		{A336CDD1-DD9D-49FE-BB0C-9068F398DA5C}.Debug|x64.ActiveCfg = Debug|x64
		{A336CDD1-DD9D-49FE-BB0C-9068F398DA5C}.Debug|x64.Build.0 = Debug|x64
		{A336CDD1-DD9D-49FE-BB0C-9068F398DA5C}.Release|Win32.ActiveCfg = Release|Win32
		{A336CDD1-DD9D-49FE-BB0C-9068F398DA5C}.Release|Win32.Build.0 = Release|Win32
		{A336CDD1-DD9D-49FE-BB0C-9068F398DA5C}.Release|x64.ActiveCfg = Release|x64
		{A336CDD1-DD9D-49FE-BB0C-9068F398DA5C}.Release|x64.Build.0 = Release|x64
	EndGlobalSection
	GlobalSection(SolutionProperties) = preSolution
		HideSolutionNode = FALSE
	EndGlobalSection
	GlobalSection(NestedProjects) = preSolution
		{66E3CE14-884D-4AEA-9F20-15A0BEAF8C5A} = {0AD50E41-A219-4006-941B-CF9BA5EFF6FE}
		{B2BCDAB8-B595-4C22-B01D-777588652204} = {0AD50E41-A219-4006-941B-CF9BA5EFF6FE}
		{84C22CA2-9D1E-4B6D-A657-57E8264BCC40} = {0AD50E41-A219-4006-941B-CF9BA5EFF6FE}
		{D75AD32B-6B82-49DF-96EB-26F0F896C6F2} = {0AD50E41-A219-4006-941B-CF9BA5EFF6FE}
		{F4553D82-2F8F-44BB-81F6-0A4A05A273B2} = {0AD50E41-A219-4006-941B-CF9BA5EFF6FE}
		{1E006EBB-3C9B-42CD-BD2C-1D7073DDFE8A} = {0AD50E41-A219-4006-941B-CF9BA5EFF6FE}
		{4BBCF330-6BA5-4EF2-82C6-CC1A08189BAC} = {25C3C005-546A-4864-90C4-19057F80B388}
		{80CC31BF-EE7B-4F10-B7C8-980651A6F158} = {25C3C005-546A-4864-90C4-19057F80B388}
		{A336CDD1-DD9D-49FE-BB0C-9068F398DA5C} = {25C3C005-546A-4864-90C4-19057F80B388}
	EndGlobalSection
EndGlobal
